
Microsoft Visual Studio Solution File, Format Version 12.00
# Visual Studio Version 17
VisualStudioVersion = 17.3.32929.385
MinimumVisualStudioVersion = 10.0.40219.1
Project("{9A19103F-16F7-4668-BE54-9A1E7A4F7556}") = "Case study - Industrial IoT", "Case study - Industrial IoT\Case study - Industrial IoT.csproj", "{9015937B-A602-48E2-AABC-CFEC0BFE26F1}"
	ProjectSection(ProjectDependencies) = postProject
		{61CEA116-B171-44E3-863D-5B9E3B418619} = {61CEA116-B171-44E3-863D-5B9E3B418619}
	EndProjectSection
EndProject
Project("{9A19103F-16F7-4668-BE54-9A1E7A4F7556}") = "AzureDeviceSdk.Device", "AzureDeviceSdk.Device\AzureDeviceSdk.Device.csproj", "{61CEA116-B171-44E3-863D-5B9E3B418619}"
	ProjectSection(ProjectDependencies) = postProject
		{BC2E79C3-EAB8-496F-BDE6-D8EB023BBB02} = {BC2E79C3-EAB8-496F-BDE6-D8EB023BBB02}
	EndProjectSection
EndProject
Project("{FAE04EC0-301F-11D3-BF4B-00C04F79EFBC}") = "DeserializationSupport", "DeserializationSupport\DeserializationSupport.csproj", "{BC2E79C3-EAB8-496F-BDE6-D8EB023BBB02}"
EndProject
Global
	GlobalSection(SolutionConfigurationPlatforms) = preSolution
		Debug|Any CPU = Debug|Any CPU
		Release|Any CPU = Release|Any CPU
	EndGlobalSection
	GlobalSection(ProjectConfigurationPlatforms) = postSolution
		{9015937B-A602-48E2-AABC-CFEC0BFE26F1}.Debug|Any CPU.ActiveCfg = Debug|Any CPU
		{9015937B-A602-48E2-AABC-CFEC0BFE26F1}.Debug|Any CPU.Build.0 = Debug|Any CPU
		{9015937B-A602-48E2-AABC-CFEC0BFE26F1}.Release|Any CPU.ActiveCfg = Release|Any CPU
		{9015937B-A602-48E2-AABC-CFEC0BFE26F1}.Release|Any CPU.Build.0 = Release|Any CPU
		{61CEA116-B171-44E3-863D-5B9E3B418619}.Debug|Any CPU.ActiveCfg = Debug|Any CPU
		{61CEA116-B171-44E3-863D-5B9E3B418619}.Debug|Any CPU.Build.0 = Debug|Any CPU
		{61CEA116-B171-44E3-863D-5B9E3B418619}.Release|Any CPU.ActiveCfg = Release|Any CPU
		{61CEA116-B171-44E3-863D-5B9E3B418619}.Release|Any CPU.Build.0 = Release|Any CPU
		{BC2E79C3-EAB8-496F-BDE6-D8EB023BBB02}.Debug|Any CPU.ActiveCfg = Debug|Any CPU
		{BC2E79C3-EAB8-496F-BDE6-D8EB023BBB02}.Debug|Any CPU.Build.0 = Debug|Any CPU
		{BC2E79C3-EAB8-496F-BDE6-D8EB023BBB02}.Release|Any CPU.ActiveCfg = Release|Any CPU
		{BC2E79C3-EAB8-496F-BDE6-D8EB023BBB02}.Release|Any CPU.Build.0 = Release|Any CPU
	EndGlobalSection
	GlobalSection(SolutionProperties) = preSolution
		HideSolutionNode = FALSE
	EndGlobalSection
	GlobalSection(ExtensibilityGlobals) = postSolution
		SolutionGuid = {001DA122-4E55-4943-B9F3-A60E5DB983F7}
	EndGlobalSection
EndGlobal
